
Microsoft Visual Studio Solution File, Format Version 12.00
# Visual Studio Version 16
VisualStudioVersion = 16.0.31321.278
MinimumVisualStudioVersion = 10.0.40219.1
Project("{FAE04EC0-301F-11D3-BF4B-00C04F79EFBC}") = "ProjetoEngieTestePratico", "ProjetoEngieTestePratico.csproj", "{2BC84BC4-D7AD-4AFD-ACD4-DC9692F2F240}"
EndProject
Global
	GlobalSection(SolutionConfigurationPlatforms) = preSolution
		Debug|Any CPU = Debug|Any CPU
		Release|Any CPU = Release|Any CPU
	EndGlobalSection
	GlobalSection(ProjectConfigurationPlatforms) = postSolution
		{2BC84BC4-D7AD-4AFD-ACD4-DC9692F2F240}.Debug|Any CPU.ActiveCfg = Debug|Any CPU
		{2BC84BC4-D7AD-4AFD-ACD4-DC9692F2F240}.Debug|Any CPU.Build.0 = Debug|Any CPU
		{2BC84BC4-D7AD-4AFD-ACD4-DC9692F2F240}.Release|Any CPU.ActiveCfg = Release|Any CPU
		{2BC84BC4-D7AD-4AFD-ACD4-DC9692F2F240}.Release|Any CPU.Build.0 = Release|Any CPU
	EndGlobalSection
	GlobalSection(SolutionProperties) = preSolution
		HideSolutionNode = FALSE
	EndGlobalSection
	GlobalSection(ExtensibilityGlobals) = postSolution
		SolutionGuid = {49EBE12D-2F24-410F-90F0-0DF0BE1220C8}
	EndGlobalSection
EndGlobal
